
Microsoft Visual Studio Solution File, Format Version 12.00
# Visual Studio Version 17
VisualStudioVersion = 17.14.36203.30
MinimumVisualStudioVersion = 10.0.40219.1
Project("{FAE04EC0-301F-11D3-BF4B-00C04F79EFBC}") = "MDCMS.Server", "MDCMS.Server\MDCMS.Server.csproj", "{BFF2C9D4-77D5-4CEB-B897-C45840285A64}"
EndProject
Project("{FAE04EC0-301F-11D3-BF4B-00C04F79EFBC}") = "MDCMS.Shared", "MDCMS.Shared\MDCMS.Shared.csproj", "{50DA1148-B2F4-453D-B665-CB3B3B4115F0}"
EndProject
Project("{FAE04EC0-301F-11D3-BF4B-00C04F79EFBC}") = "MDCMS.Client", "MDCMS.Client\MDCMS.Client.csproj", "{DC1CB9CD-44DC-47F1-BB5A-E9346E11DB05}"
EndProject
Global
	GlobalSection(SolutionConfigurationPlatforms) = preSolution
		Debug|Any CPU = Debug|Any CPU
		Release|Any CPU = Release|Any CPU
	EndGlobalSection
	GlobalSection(ProjectConfigurationPlatforms) = postSolution
		{BFF2C9D4-77D5-4CEB-B897-C45840285A64}.Debug|Any CPU.ActiveCfg = Debug|Any CPU
		{BFF2C9D4-77D5-4CEB-B897-C45840285A64}.Debug|Any CPU.Build.0 = Debug|Any CPU
		{BFF2C9D4-77D5-4CEB-B897-C45840285A64}.Release|Any CPU.ActiveCfg = Release|Any CPU
		{BFF2C9D4-77D5-4CEB-B897-C45840285A64}.Release|Any CPU.Build.0 = Release|Any CPU
		{50DA1148-B2F4-453D-B665-CB3B3B4115F0}.Debug|Any CPU.ActiveCfg = Debug|Any CPU
		{50DA1148-B2F4-453D-B665-CB3B3B4115F0}.Debug|Any CPU.Build.0 = Debug|Any CPU
		{50DA1148-B2F4-453D-B665-CB3B3B4115F0}.Release|Any CPU.ActiveCfg = Release|Any CPU
		{50DA1148-B2F4-453D-B665-CB3B3B4115F0}.Release|Any CPU.Build.0 = Release|Any CPU
		{DC1CB9CD-44DC-47F1-BB5A-E9346E11DB05}.Debug|Any CPU.ActiveCfg = Debug|Any CPU
		{DC1CB9CD-44DC-47F1-BB5A-E9346E11DB05}.Debug|Any CPU.Build.0 = Debug|Any CPU
		{DC1CB9CD-44DC-47F1-BB5A-E9346E11DB05}.Release|Any CPU.ActiveCfg = Release|Any CPU
		{DC1CB9CD-44DC-47F1-BB5A-E9346E11DB05}.Release|Any CPU.Build.0 = Release|Any CPU
	EndGlobalSection
	GlobalSection(SolutionProperties) = preSolution
		HideSolutionNode = FALSE
	EndGlobalSection
	GlobalSection(ExtensibilityGlobals) = postSolution
		SolutionGuid = {83BC9EAE-203D-483F-80E0-2D4942646557}
	EndGlobalSection
EndGlobal
